
Microsoft Visual Studio Solution File, Format Version 12.00
# Visual Studio Version 17
VisualStudioVersion = 17.4.33110.190
MinimumVisualStudioVersion = 10.0.40219.1
Project("{FAE04EC0-301F-11D3-BF4B-00C04F79EFBC}") = "AreaMath.SDK", "AreaMath.SDK\AreaMath.SDK.csproj", "{CCF63BB1-65B8-4F4B-94D3-1624C6F522FD}"
EndProject
Project("{FAE04EC0-301F-11D3-BF4B-00C04F79EFBC}") = "AreaMath.Unit", "AreaMath.Unit\AreaMath.Unit.csproj", "{947B04A3-777C-43B4-B1A2-F13B76D6DC97}"
EndProject
Project("{2150E333-8FDC-42A3-9474-1A3956D46DE8}") = "Элементы решения", "Элементы решения", "{BAFE08FE-A377-4AFC-8C4B-7AA454CC483E}"
	ProjectSection(SolutionItems) = preProject
		SQL.txt = SQL.txt
	EndProjectSection
EndProject
Global
	GlobalSection(SolutionConfigurationPlatforms) = preSolution
		Debug|Any CPU = Debug|Any CPU
		Release|Any CPU = Release|Any CPU
	EndGlobalSection
	GlobalSection(ProjectConfigurationPlatforms) = postSolution
		{CCF63BB1-65B8-4F4B-94D3-1624C6F522FD}.Debug|Any CPU.ActiveCfg = Debug|Any CPU
		{CCF63BB1-65B8-4F4B-94D3-1624C6F522FD}.Debug|Any CPU.Build.0 = Debug|Any CPU
		{CCF63BB1-65B8-4F4B-94D3-1624C6F522FD}.Release|Any CPU.ActiveCfg = Release|Any CPU
		{CCF63BB1-65B8-4F4B-94D3-1624C6F522FD}.Release|Any CPU.Build.0 = Release|Any CPU
		{947B04A3-777C-43B4-B1A2-F13B76D6DC97}.Debug|Any CPU.ActiveCfg = Debug|Any CPU
		{947B04A3-777C-43B4-B1A2-F13B76D6DC97}.Debug|Any CPU.Build.0 = Debug|Any CPU
		{947B04A3-777C-43B4-B1A2-F13B76D6DC97}.Release|Any CPU.ActiveCfg = Release|Any CPU
		{947B04A3-777C-43B4-B1A2-F13B76D6DC97}.Release|Any CPU.Build.0 = Release|Any CPU
	EndGlobalSection
	GlobalSection(SolutionProperties) = preSolution
		HideSolutionNode = FALSE
	EndGlobalSection
	GlobalSection(ExtensibilityGlobals) = postSolution
		SolutionGuid = {59B14BF4-DD65-4F0E-AD7D-0C4AD8B36666}
	EndGlobalSection
EndGlobal
